PODS:
  - Colours (4.1)
  - PNChart (0.3.1)
  - SWTableViewCell (0.2.3)

DEPENDENCIES:
  - Colours
  - PNChart (~> 0.3.1)
  - SWTableViewCell

SPEC CHECKSUMS:
  Colours: 72912c7baa2ce5bee076b6ce08f75791a3fa5244
  PNChart: 2538e83bfda6809f2c50e95151edbc86f8425879
  SWTableViewCell: 270c3758a84547b1cad43d70b72203b3003ce27b

COCOAPODS: 0.29.0
