// !$*UTF8*$!
{
	archiveVersion = 1;
	classes = {
	};
	objectVersion = 46;
	objects = {

/* Begin PBXBuildFile section */
		49EB4CB11843FDBB00C9C4AB /* CollegeDetailViewController.m in Sources */ = {isa = PBXBuildFile; fileRef = 49EB4CA41843FDBB00C9C4AB /* CollegeDetailViewController.m */; };
		49EB4CB21843FDBB00C9C4AB /* CollegeSavedViewController.m in Sources */ = {isa = PBXBuildFile; fileRef = 49EB4CA61843FDBB00C9C4AB /* CollegeSavedViewController.m */; };
		49EB4CB51843FDBB00C9C4AB /* CollegeSearchViewController.m in Sources */ = {isa = PBXBuildFile; fileRef = 49EB4CAC1843FDBB00C9C4AB /* CollegeSearchViewController.m */; };
		49EB4CB61843FDBB00C9C4AB /* FilterViewController.m in Sources */ = {isa = PBXBuildFile; fileRef = 49EB4CAE1843FDBB00C9C4AB /* FilterViewController.m */; };
		49EB4CB71843FDBB00C9C4AB /* HomeViewController.m in Sources */ = {isa = PBXBuildFile; fileRef = 49EB4CB01843FDBB00C9C4AB /* HomeViewController.m */; };
		49EB4CC0184458B400C9C4AB /* StateViewController.m in Sources */ = {isa = PBXBuildFile; fileRef = 49EB4CBF184458B400C9C4AB /* StateViewController.m */; };
		53290F431830A1F800781050 /* libsqlite3.dylib in Frameworks */ = {isa = PBXBuildFile; fileRef = 53290F421830A1F800781050 /* libsqlite3.dylib */; };
		53290F491830A9D000781050 /* schools.db in Resources */ = {isa = PBXBuildFile; fileRef = 53290F481830A9D000781050 /* schools.db */; };
		53589C9C182FE936006F378D /* MUITCollegeDb.m in Sources */ = {isa = PBXBuildFile; fileRef = 53589C9B182FE936006F378D /* MUITCollegeDb.m */; };
		535EA90318297637003D289A /* Foundation.framework in Frameworks */ = {isa = PBXBuildFile; fileRef = 535EA90218297637003D289A /* Foundation.framework */; };
		535EA90518297637003D289A /* CoreGraphics.framework in Frameworks */ = {isa = PBXBuildFile; fileRef = 535EA90418297637003D289A /* CoreGraphics.framework */; };
		535EA90718297637003D289A /* UIKit.framework in Frameworks */ = {isa = PBXBuildFile; fileRef = 535EA90618297637003D289A /* UIKit.framework */; };
		535EA90D18297637003D289A /* InfoPlist.strings in Resources */ = {isa = PBXBuildFile; fileRef = 535EA90B18297637003D289A /* InfoPlist.strings */; };
		535EA90F18297637003D289A /* main.m in Sources */ = {isa = PBXBuildFile; fileRef = 535EA90E18297637003D289A /* main.m */; };
		535EA91318297637003D289A /* CCAppDelegate.m in Sources */ = {isa = PBXBuildFile; fileRef = 535EA91218297637003D289A /* CCAppDelegate.m */; };
		535EA91618297637003D289A /* Main.storyboard in Resources */ = {isa = PBXBuildFile; fileRef = 535EA91418297637003D289A /* Main.storyboard */; };
		535EA91918297637003D289A /* CCViewController.m in Sources */ = {isa = PBXBuildFile; fileRef = 535EA91818297637003D289A /* CCViewController.m */; };
		535EA91B18297637003D289A /* Images.xcassets in Resources */ = {isa = PBXBuildFile; fileRef = 535EA91A18297637003D289A /* Images.xcassets */; };
		535EA92218297637003D289A /* XCTest.framework in Frameworks */ = {isa = PBXBuildFile; fileRef = 535EA92118297637003D289A /* XCTest.framework */; };
		535EA92318297638003D289A /* Foundation.framework in Frameworks */ = {isa = PBXBuildFile; fileRef = 535EA90218297637003D289A /* Foundation.framework */; };
		535EA92418297638003D289A /* UIKit.framework in Frameworks */ = {isa = PBXBuildFile; fileRef = 535EA90618297637003D289A /* UIKit.framework */; };
		535EA92C18297638003D289A /* InfoPlist.strings in Resources */ = {isa = PBXBuildFile; fileRef = 535EA92A18297638003D289A /* InfoPlist.strings */; };
		535EA92E18297638003D289A /* CollegeComparisonTests.m in Sources */ = {isa = PBXBuildFile; fileRef = 535EA92D18297638003D289A /* CollegeComparisonTests.m */; };
		BA3E01FE18402C9E00325A5F /* ios-linen.png in Resources */ = {isa = PBXBuildFile; fileRef = BA3E01FD18402C9E00325A5F /* ios-linen.png */; };
		BA3E02001842B2AF00325A5F /* pullUpBar.png in Resources */ = {isa = PBXBuildFile; fileRef = BA3E01FF1842B2AF00325A5F /* pullUpBar.png */; };
		BA565EB4183B4CBD0035C178 /* back_arrow_new.png in Resources */ = {isa = PBXBuildFile; fileRef = BA565EB3183B4CBD0035C178 /* back_arrow_new.png */; };
		BA85206A183AECF6002CC626 /* CCAnimationPageViewController.m in Sources */ = {isa = PBXBuildFile; fileRef = BA852068183AECF6002CC626 /* CCAnimationPageViewController.m */; };
		BA85206F183AF3FB002CC626 /* CCAnimationsScreenViewController.m in Sources */ = {isa = PBXBuildFile; fileRef = BA85206D183AF3FB002CC626 /* CCAnimationsScreenViewController.m */; };
		BA852070183AF3FB002CC626 /* CCAnimationsScreenViewController.xib in Resources */ = {isa = PBXBuildFile; fileRef = BA85206E183AF3FB002CC626 /* CCAnimationsScreenViewController.xib */; };
/* End PBXBuildFile section */

/* Begin PBXContainerItemProxy section */
		535EA92518297638003D289A /* PBXContainerItemProxy */ = {
			isa = PBXContainerItemProxy;
			containerPortal = 535EA8F718297637003D289A /* Project object */;
			proxyType = 1;
			remoteGlobalIDString = 535EA8FE18297637003D289A;
			remoteInfo = CollegeComparison;
		};
/* End PBXContainerItemProxy section */

/* Begin PBXFileReference section */
		49EB4CA31843FDBB00C9C4AB /* CollegeDetailViewController.h */ = {isa = PBXFileReference; fileEncoding = 4; lastKnownFileType = sourcecode.c.h; path = CollegeDetailViewController.h; sourceTree = "<group>"; };
		49EB4CA41843FDBB00C9C4AB /* CollegeDetailViewController.m */ = {isa = PBXFileReference; fileEncoding = 4; lastKnownFileType = sourcecode.c.objc; path = CollegeDetailViewController.m; sourceTree = "<group>"; };
		49EB4CA51843FDBB00C9C4AB /* CollegeSavedViewController.h */ = {isa = PBXFileReference; fileEncoding = 4; lastKnownFileType = sourcecode.c.h; path = CollegeSavedViewController.h; sourceTree = "<group>"; };
		49EB4CA61843FDBB00C9C4AB /* CollegeSavedViewController.m */ = {isa = PBXFileReference; fileEncoding = 4; lastKnownFileType = sourcecode.c.objc; path = CollegeSavedViewController.m; sourceTree = "<group>"; };
		49EB4CAB1843FDBB00C9C4AB /* CollegeSearchViewController.h */ = {isa = PBXFileReference; fileEncoding = 4; lastKnownFileType = sourcecode.c.h; path = CollegeSearchViewController.h; sourceTree = "<group>"; };
		49EB4CAC1843FDBB00C9C4AB /* CollegeSearchViewController.m */ = {isa = PBXFileReference; fileEncoding = 4; lastKnownFileType = sourcecode.c.objc; path = CollegeSearchViewController.m; sourceTree = "<group>"; };
		49EB4CAD1843FDBB00C9C4AB /* FilterViewController.h */ = {isa = PBXFileReference; fileEncoding = 4; lastKnownFileType = sourcecode.c.h; path = FilterViewController.h; sourceTree = "<group>"; };
		49EB4CAE1843FDBB00C9C4AB /* FilterViewController.m */ = {isa = PBXFileReference; fileEncoding = 4; lastKnownFileType = sourcecode.c.objc; path = FilterViewController.m; sourceTree = "<group>"; };
		49EB4CAF1843FDBB00C9C4AB /* HomeViewController.h */ = {isa = PBXFileReference; fileEncoding = 4; lastKnownFileType = sourcecode.c.h; path = HomeViewController.h; sourceTree = "<group>"; };
		49EB4CB01843FDBB00C9C4AB /* HomeViewController.m */ = {isa = PBXFileReference; fileEncoding = 4; lastKnownFileType = sourcecode.c.objc; path = HomeViewController.m; sourceTree = "<group>"; };
		49EB4CBE184458B400C9C4AB /* StateViewController.h */ = {isa = PBXFileReference; fileEncoding = 4; lastKnownFileType = sourcecode.c.h; path = StateViewController.h; sourceTree = "<group>"; };
		49EB4CBF184458B400C9C4AB /* StateViewController.m */ = {isa = PBXFileReference; fileEncoding = 4; lastKnownFileType = sourcecode.c.objc; path = StateViewController.m; sourceTree = "<group>"; };
		53290F421830A1F800781050 /* libsqlite3.dylib */ = {isa = PBXFileReference; lastKnownFileType = "compiled.mach-o.dylib"; name = libsqlite3.dylib; path = usr/lib/libsqlite3.dylib; sourceTree = SDKROOT; };
		53290F481830A9D000781050 /* schools.db */ = {isa = PBXFileReference; lastKnownFileType = file; path = schools.db; sourceTree = "<group>"; };
		53589C9A182FE936006F378D /* MUITCollegeDb.h */ = {isa = PBXFileReference; fileEncoding = 4; lastKnownFileType = sourcecode.c.h; path = MUITCollegeDb.h; sourceTree = "<group>"; };
		53589C9B182FE936006F378D /* MUITCollegeDb.m */ = {isa = PBXFileReference; fileEncoding = 4; lastKnownFileType = sourcecode.c.objc; path = MUITCollegeDb.m; sourceTree = "<group>"; };
		535EA8FF18297637003D289A /* CollegeComparison.app */ = {isa = PBXFileReference; explicitFileType = wrapper.application; includeInIndex = 0; path = CollegeComparison.app; sourceTree = BUILT_PRODUCTS_DIR; };
		535EA90218297637003D289A /* Foundation.framework */ = {isa = PBXFileReference; lastKnownFileType = wrapper.framework; name = Foundation.framework; path = System/Library/Frameworks/Foundation.framework; sourceTree = SDKROOT; };
		535EA90418297637003D289A /* CoreGraphics.framework */ = {isa = PBXFileReference; lastKnownFileType = wrapper.framework; name = CoreGraphics.framework; path = System/Library/Frameworks/CoreGraphics.framework; sourceTree = SDKROOT; };
		535EA90618297637003D289A /* UIKit.framework */ = {isa = PBXFileReference; lastKnownFileType = wrapper.framework; name = UIKit.framework; path = System/Library/Frameworks/UIKit.framework; sourceTree = SDKROOT; };
		535EA90A18297637003D289A /* CollegeComparison-Info.plist */ = {isa = PBXFileReference; lastKnownFileType = text.plist.xml; path = "CollegeComparison-Info.plist"; sourceTree = "<group>"; };
		535EA90C18297637003D289A /* en */ = {isa = PBXFileReference; lastKnownFileType = text.plist.strings; name = en; path = en.lproj/InfoPlist.strings; sourceTree = "<group>"; };
		535EA90E18297637003D289A /* main.m */ = {isa = PBXFileReference; lastKnownFileType = sourcecode.c.objc; path = main.m; sourceTree = "<group>"; };
		535EA91018297637003D289A /* CollegeComparison-Prefix.pch */ = {isa = PBXFileReference; lastKnownFileType = sourcecode.c.h; path = "CollegeComparison-Prefix.pch"; sourceTree = "<group>"; };
		535EA91118297637003D289A /* CCAppDelegate.h */ = {isa = PBXFileReference; lastKnownFileType = sourcecode.c.h; path = CCAppDelegate.h; sourceTree = "<group>"; };
		535EA91218297637003D289A /* CCAppDelegate.m */ = {isa = PBXFileReference; lastKnownFileType = sourcecode.c.objc; path = CCAppDelegate.m; sourceTree = "<group>"; };
		535EA91518297637003D289A /* Base */ = {isa = PBXFileReference; lastKnownFileType = file.storyboard; name = Base; path = Base.lproj/Main.storyboard; sourceTree = "<group>"; };
		535EA91718297637003D289A /* CCViewController.h */ = {isa = PBXFileReference; lastKnownFileType = sourcecode.c.h; path = CCViewController.h; sourceTree = "<group>"; };
		535EA91818297637003D289A /* CCViewController.m */ = {isa = PBXFileReference; lastKnownFileType = sourcecode.c.objc; path = CCViewController.m; sourceTree = "<group>"; };
		535EA91A18297637003D289A /* Images.xcassets */ = {isa = PBXFileReference; lastKnownFileType = folder.assetcatalog; path = Images.xcassets; sourceTree = "<group>"; };
		535EA92018297637003D289A /* CollegeComparisonTests.xctest */ = {isa = PBXFileReference; explicitFileType = wrapper.cfbundle; includeInIndex = 0; path = CollegeComparisonTests.xctest; sourceTree = BUILT_PRODUCTS_DIR; };
		535EA92118297637003D289A /* XCTest.framework */ = {isa = PBXFileReference; lastKnownFileType = wrapper.framework; name = XCTest.framework; path = Library/Frameworks/XCTest.framework; sourceTree = DEVELOPER_DIR; };
		535EA92918297638003D289A /* CollegeComparisonTests-Info.plist */ = {isa = PBXFileReference; lastKnownFileType = text.plist.xml; path = "CollegeComparisonTests-Info.plist"; sourceTree = "<group>"; };
		535EA92B18297638003D289A /* en */ = {isa = PBXFileReference; lastKnownFileType = text.plist.strings; name = en; path = en.lproj/InfoPlist.strings; sourceTree = "<group>"; };
		535EA92D18297638003D289A /* CollegeComparisonTests.m */ = {isa = PBXFileReference; lastKnownFileType = sourcecode.c.objc; path = CollegeComparisonTests.m; sourceTree = "<group>"; };
		BA3E01FD18402C9E00325A5F /* ios-linen.png */ = {isa = PBXFileReference; lastKnownFileType = image.png; name = "ios-linen.png"; path = "../../../../../Downloads/ios-linen/ios-linen.png"; sourceTree = "<group>"; };
		BA3E01FF1842B2AF00325A5F /* pullUpBar.png */ = {isa = PBXFileReference; lastKnownFileType = image.png; name = pullUpBar.png; path = ../../../../../Documents/Xcode/pullUpBar.png; sourceTree = "<group>"; };
		BA565EB3183B4CBD0035C178 /* back_arrow_new.png */ = {isa = PBXFileReference; lastKnownFileType = image.png; name = back_arrow_new.png; path = ../../../../../Downloads/back_arrow_new.png; sourceTree = "<group>"; };
		BA852067183AECF6002CC626 /* CCAnimationPageViewController.h */ = {isa = PBXFileReference; fileEncoding = 4; lastKnownFileType = sourcecode.c.h; name = CCAnimationPageViewController.h; path = ../View/CCAnimationPageViewController.h; sourceTree = "<group>"; };
		BA852068183AECF6002CC626 /* CCAnimationPageViewController.m */ = {isa = PBXFileReference; fileEncoding = 4; lastKnownFileType = sourcecode.c.objc; name = CCAnimationPageViewController.m; path = ../View/CCAnimationPageViewController.m; sourceTree = "<group>"; };
		BA85206C183AF3FB002CC626 /* CCAnimationsScreenViewController.h */ = {isa = PBXFileReference; fileEncoding = 4; lastKnownFileType = sourcecode.c.h; path = CCAnimationsScreenViewController.h; sourceTree = "<group>"; };
		BA85206D183AF3FB002CC626 /* CCAnimationsScreenViewController.m */ = {isa = PBXFileReference; fileEncoding = 4; lastKnownFileType = sourcecode.c.objc; path = CCAnimationsScreenViewController.m; sourceTree = "<group>"; };
		BA85206E183AF3FB002CC626 /* CCAnimationsScreenViewController.xib */ = {isa = PBXFileReference; fileEncoding = 4; lastKnownFileType = file.xib; path = CCAnimationsScreenViewController.xib; sourceTree = "<group>"; };
/* End PBXFileReference section */

/* Begin PBXFrameworksBuildPhase section */
		535EA8FC18297637003D289A /* Frameworks */ = {
			isa = PBXFrameworksBuildPhase;
			buildActionMask = 2147483647;
			files = (
				53290F431830A1F800781050 /* libsqlite3.dylib in Frameworks */,
				535EA90518297637003D289A /* CoreGraphics.framework in Frameworks */,
				535EA90718297637003D289A /* UIKit.framework in Frameworks */,
				535EA90318297637003D289A /* Foundation.framework in Frameworks */,
			);
			runOnlyForDeploymentPostprocessing = 0;
		};
		535EA91D18297637003D289A /* Frameworks */ = {
			isa = PBXFrameworksBuildPhase;
			buildActionMask = 2147483647;
			files = (
				535EA92218297637003D289A /* XCTest.framework in Frameworks */,
				535EA92418297638003D289A /* UIKit.framework in Frameworks */,
				535EA92318297638003D289A /* Foundation.framework in Frameworks */,
			);
			runOnlyForDeploymentPostprocessing = 0;
		};
/* End PBXFrameworksBuildPhase section */

/* Begin PBXGroup section */
		53589C96182FE735006F378D /* Model */ = {
			isa = PBXGroup;
			children = (
				53589C9A182FE936006F378D /* MUITCollegeDb.h */,
				53589C9B182FE936006F378D /* MUITCollegeDb.m */,
			);
			name = Model;
			sourceTree = "<group>";
		};
		535EA8F618297637003D289A = {
			isa = PBXGroup;
			children = (
				535EA90818297637003D289A /* CollegeComparison */,
				535EA92718297638003D289A /* CollegeComparisonTests */,
				535EA90118297637003D289A /* Frameworks */,
				535EA90018297637003D289A /* Products */,
			);
			sourceTree = "<group>";
		};
		535EA90018297637003D289A /* Products */ = {
			isa = PBXGroup;
			children = (
				535EA8FF18297637003D289A /* CollegeComparison.app */,
				535EA92018297637003D289A /* CollegeComparisonTests.xctest */,
			);
			name = Products;
			sourceTree = "<group>";
		};
		535EA90118297637003D289A /* Frameworks */ = {
			isa = PBXGroup;
			children = (
				53290F421830A1F800781050 /* libsqlite3.dylib */,
				535EA90218297637003D289A /* Foundation.framework */,
				535EA90418297637003D289A /* CoreGraphics.framework */,
				535EA90618297637003D289A /* UIKit.framework */,
				535EA92118297637003D289A /* XCTest.framework */,
			);
			name = Frameworks;
			sourceTree = "<group>";
		};
		535EA90818297637003D289A /* CollegeComparison */ = {
			isa = PBXGroup;
			children = (
				535EA91118297637003D289A /* CCAppDelegate.h */,
				535EA91218297637003D289A /* CCAppDelegate.m */,
				53589C96182FE735006F378D /* Model */,
				BA852066183AE2E4002CC626 /* View */,
				535EA91A18297637003D289A /* Images.xcassets */,
				535EA90918297637003D289A /* Supporting Files */,
			);
			path = CollegeComparison;
			sourceTree = "<group>";
		};
		535EA90918297637003D289A /* Supporting Files */ = {
			isa = PBXGroup;
			children = (
				535EA90A18297637003D289A /* CollegeComparison-Info.plist */,
				53290F481830A9D000781050 /* schools.db */,
				535EA90B18297637003D289A /* InfoPlist.strings */,
				535EA90E18297637003D289A /* main.m */,
				535EA91018297637003D289A /* CollegeComparison-Prefix.pch */,
			);
			name = "Supporting Files";
			sourceTree = "<group>";
		};
		535EA92718297638003D289A /* CollegeComparisonTests */ = {
			isa = PBXGroup;
			children = (
				535EA92D18297638003D289A /* CollegeComparisonTests.m */,
				535EA92818297638003D289A /* Supporting Files */,
			);
			path = CollegeComparisonTests;
			sourceTree = "<group>";
		};
		535EA92818297638003D289A /* Supporting Files */ = {
			isa = PBXGroup;
			children = (
				535EA92918297638003D289A /* CollegeComparisonTests-Info.plist */,
				535EA92A18297638003D289A /* InfoPlist.strings */,
			);
			name = "Supporting Files";
			sourceTree = "<group>";
		};
		BA26F8851846A2AD008042BB /* Images */ = {
			isa = PBXGroup;
			children = (
				BA565EB3183B4CBD0035C178 /* back_arrow_new.png */,
				BA3E01FD18402C9E00325A5F /* ios-linen.png */,
				BA3E01FF1842B2AF00325A5F /* pullUpBar.png */,
			);
			name = Images;
			sourceTree = "<group>";
		};
		BA852066183AE2E4002CC626 /* View */ = {
			isa = PBXGroup;
			children = (
				535EA91418297637003D289A /* Main.storyboard */,
				BA852071183AF40D002CC626 /* Bar Animations */,
				535EA91718297637003D289A /* CCViewController.h */,
				535EA91818297637003D289A /* CCViewController.m */,
				49EB4CA31843FDBB00C9C4AB /* CollegeDetailViewController.h */,
				49EB4CA41843FDBB00C9C4AB /* CollegeDetailViewController.m */,
				49EB4CA51843FDBB00C9C4AB /* CollegeSavedViewController.h */,
				49EB4CA61843FDBB00C9C4AB /* CollegeSavedViewController.m */,
				49EB4CAB1843FDBB00C9C4AB /* CollegeSearchViewController.h */,
				49EB4CAC1843FDBB00C9C4AB /* CollegeSearchViewController.m */,
				49EB4CAD1843FDBB00C9C4AB /* FilterViewController.h */,
				49EB4CAE1843FDBB00C9C4AB /* FilterViewController.m */,
				49EB4CAF1843FDBB00C9C4AB /* HomeViewController.h */,
				49EB4CB01843FDBB00C9C4AB /* HomeViewController.m */,
				49EB4CBE184458B400C9C4AB /* StateViewController.h */,
				49EB4CBF184458B400C9C4AB /* StateViewController.m */,
			);
			name = View;
			sourceTree = "<group>";
		};
		BA852071183AF40D002CC626 /* Bar Animations */ = {
			isa = PBXGroup;
			children = (
				BA26F8851846A2AD008042BB /* Images */,
				BA852067183AECF6002CC626 /* CCAnimationPageViewController.h */,
				BA852068183AECF6002CC626 /* CCAnimationPageViewController.m */,
				BA85206C183AF3FB002CC626 /* CCAnimationsScreenViewController.h */,
				BA85206D183AF3FB002CC626 /* CCAnimationsScreenViewController.m */,
				BA85206E183AF3FB002CC626 /* CCAnimationsScreenViewController.xib */,
			);
			name = "Bar Animations";
			sourceTree = "<group>";
		};
/* End PBXGroup section */

/* Begin PBXNativeTarget section */
		535EA8FE18297637003D289A /* CollegeComparison */ = {
			isa = PBXNativeTarget;
			buildConfigurationList = 535EA93118297638003D289A /* Build configuration list for PBXNativeTarget "CollegeComparison" */;
			buildPhases = (
				535EA8FB18297637003D289A /* Sources */,
				535EA8FC18297637003D289A /* Frameworks */,
				535EA8FD18297637003D289A /* Resources */,
			);
			buildRules = (
			);
			dependencies = (
			);
			name = CollegeComparison;
			productName = CollegeComparison;
			productReference = 535EA8FF18297637003D289A /* CollegeComparison.app */;
			productType = "com.apple.product-type.application";
		};
		535EA91F18297637003D289A /* CollegeComparisonTests */ = {
			isa = PBXNativeTarget;
			buildConfigurationList = 535EA93418297638003D289A /* Build configuration list for PBXNativeTarget "CollegeComparisonTests" */;
			buildPhases = (
				535EA91C18297637003D289A /* Sources */,
				535EA91D18297637003D289A /* Frameworks */,
				535EA91E18297637003D289A /* Resources */,
			);
			buildRules = (
			);
			dependencies = (
				535EA92618297638003D289A /* PBXTargetDependency */,
			);
			name = CollegeComparisonTests;
			productName = CollegeComparisonTests;
			productReference = 535EA92018297637003D289A /* CollegeComparisonTests.xctest */;
			productType = "com.apple.product-type.bundle.unit-test";
		};
/* End PBXNativeTarget section */

/* Begin PBXProject section */
		535EA8F718297637003D289A /* Project object */ = {
			isa = PBXProject;
			attributes = {
				CLASSPREFIX = MUIT;
				LastUpgradeCheck = 0500;
				ORGANIZATIONNAME = MUIT;
				TargetAttributes = {
					535EA91F18297637003D289A = {
						TestTargetID = 535EA8FE18297637003D289A;
					};
				};
			};
			buildConfigurationList = 535EA8FA18297637003D289A /* Build configuration list for PBXProject "CollegeComparison" */;
			compatibilityVersion = "Xcode 3.2";
			developmentRegion = English;
			hasScannedForEncodings = 0;
			knownRegions = (
				en,
				Base,
			);
			mainGroup = 535EA8F618297637003D289A;
			productRefGroup = 535EA90018297637003D289A /* Products */;
			projectDirPath = "";
			projectRoot = "";
			targets = (
				535EA8FE18297637003D289A /* CollegeComparison */,
				535EA91F18297637003D289A /* CollegeComparisonTests */,
			);
		};
/* End PBXProject section */

/* Begin PBXResourcesBuildPhase section */
		535EA8FD18297637003D289A /* Resources */ = {
			isa = PBXResourcesBuildPhase;
			buildActionMask = 2147483647;
			files = (
				535EA91B18297637003D289A /* Images.xcassets in Resources */,
				53290F491830A9D000781050 /* schools.db in Resources */,
				BA852070183AF3FB002CC626 /* CCAnimationsScreenViewController.xib in Resources */,
				BA565EB4183B4CBD0035C178 /* back_arrow_new.png in Resources */,
				535EA90D18297637003D289A /* InfoPlist.strings in Resources */,
				535EA91618297637003D289A /* Main.storyboard in Resources */,
				BA3E01FE18402C9E00325A5F /* ios-linen.png in Resources */,
				BA3E02001842B2AF00325A5F /* pullUpBar.png in Resources */,
			);
			runOnlyForDeploymentPostprocessing = 0;
		};
		535EA91E18297637003D289A /* Resources */ = {
			isa = PBXResourcesBuildPhase;
			buildActionMask = 2147483647;
			files = (
				535EA92C18297638003D289A /* InfoPlist.strings in Resources */,
			);
			runOnlyForDeploymentPostprocessing = 0;
		};
/* End PBXResourcesBuildPhase section */

/* Begin PBXSourcesBuildPhase section */
		535EA8FB18297637003D289A /* Sources */ = {
			isa = PBXSourcesBuildPhase;
			buildActionMask = 2147483647;
			files = (
				535EA90F18297637003D289A /* main.m in Sources */,
				535EA91318297637003D289A /* CCAppDelegate.m in Sources */,
				49EB4CB51843FDBB00C9C4AB /* CollegeSearchViewController.m in Sources */,
				49EB4CB61843FDBB00C9C4AB /* FilterViewController.m in Sources */,
				49EB4CB11843FDBB00C9C4AB /* CollegeDetailViewController.m in Sources */,
				535EA91918297637003D289A /* CCViewController.m in Sources */,
				49EB4CB21843FDBB00C9C4AB /* CollegeSavedViewController.m in Sources */,
				49EB4CC0184458B400C9C4AB /* StateViewController.m in Sources */,
				BA85206F183AF3FB002CC626 /* CCAnimationsScreenViewController.m in Sources */,
				BA85206A183AECF6002CC626 /* CCAnimationPageViewController.m in Sources */,
				53589C9C182FE936006F378D /* MUITCollegeDb.m in Sources */,
				49EB4CB71843FDBB00C9C4AB /* HomeViewController.m in Sources */,
			);
			runOnlyForDeploymentPostprocessing = 0;
		};
		535EA91C18297637003D289A /* Sources */ = {
			isa = PBXSourcesBuildPhase;
			buildActionMask = 2147483647;
			files = (
				535EA92E18297638003D289A /* CollegeComparisonTests.m in Sources */,
			);
			runOnlyForDeploymentPostprocessing = 0;
		};
/* End PBXSourcesBuildPhase section */

/* Begin PBXTargetDependency section */
		535EA92618297638003D289A /* PBXTargetDependency */ = {
			isa = PBXTargetDependency;
			target = 535EA8FE18297637003D289A /* CollegeComparison */;
			targetProxy = 535EA92518297638003D289A /* PBXContainerItemProxy */;
		};
/* End PBXTargetDependency section */

/* Begin PBXVariantGroup section */
		535EA90B18297637003D289A /* InfoPlist.strings */ = {
			isa = PBXVariantGroup;
			children = (
				535EA90C18297637003D289A /* en */,
			);
			name = InfoPlist.strings;
			sourceTree = "<group>";
		};
		535EA91418297637003D289A /* Main.storyboard */ = {
			isa = PBXVariantGroup;
			children = (
				535EA91518297637003D289A /* Base */,
			);
			name = Main.storyboard;
			sourceTree = "<group>";
		};
		535EA92A18297638003D289A /* InfoPlist.strings */ = {
			isa = PBXVariantGroup;
			children = (
				535EA92B18297638003D289A /* en */,
			);
			name = InfoPlist.strings;
			sourceTree = "<group>";
		};
/* End PBXVariantGroup section */

/* Begin XCBuildConfiguration section */
		535EA92F18297638003D289A /* Debug */ = {
			isa = XCBuildConfiguration;
			buildSettings = {
				ALWAYS_SEARCH_USER_PATHS = NO;
				ARCHS = "$(ARCHS_STANDARD_INCLUDING_64_BIT)";
				CLANG_CXX_LANGUAGE_STANDARD = "gnu++0x";
				CLANG_CXX_LIBRARY = "libc++";
				CLANG_ENABLE_MODULES = YES;
				CLANG_ENABLE_OBJC_ARC = YES;
				CLANG_WARN_BOOL_CONVERSION = YES;
				CLANG_WARN_CONSTANT_CONVERSION = YES;
				CLANG_WARN_DIRECT_OBJC_ISA_USAGE = YES_ERROR;
				CLANG_WARN_EMPTY_BODY = YES;
				CLANG_WARN_ENUM_CONVERSION = YES;
				CLANG_WARN_INT_CONVERSION = YES;
				CLANG_WARN_OBJC_ROOT_CLASS = YES_ERROR;
				CLANG_WARN__DUPLICATE_METHOD_MATCH = YES;
				"CODE_SIGN_IDENTITY[sdk=iphoneos*]" = "iPhone Developer";
				COPY_PHASE_STRIP = NO;
				GCC_C_LANGUAGE_STANDARD = gnu99;
				GCC_DYNAMIC_NO_PIC = NO;
				GCC_OPTIMIZATION_LEVEL = 0;
				GCC_PREPROCESSOR_DEFINITIONS = (
					"DEBUG=1",
					"$(inherited)",
				);
				GCC_SYMBOLS_PRIVATE_EXTERN = NO;
				GCC_WARN_64_TO_32_BIT_CONVERSION = YES;
				GCC_WARN_ABOUT_RETURN_TYPE = YES_ERROR;
				GCC_WARN_UNDECLARED_SELECTOR = YES;
				GCC_WARN_UNINITIALIZED_AUTOS = YES;
				GCC_WARN_UNUSED_FUNCTION = YES;
				GCC_WARN_UNUSED_VARIABLE = YES;
				IPHONEOS_DEPLOYMENT_TARGET = 7.0;
				ONLY_ACTIVE_ARCH = YES;
				SDKROOT = iphoneos;
			};
			name = Debug;
		};
		535EA93018297638003D289A /* Release */ = {
			isa = XCBuildConfiguration;
			buildSettings = {
				ALWAYS_SEARCH_USER_PATHS = NO;
				ARCHS = "$(ARCHS_STANDARD_INCLUDING_64_BIT)";
				CLANG_CXX_LANGUAGE_STANDARD = "gnu++0x";
				CLANG_CXX_LIBRARY = "libc++";
				CLANG_ENABLE_MODULES = YES;
				CLANG_ENABLE_OBJC_ARC = YES;
				CLANG_WARN_BOOL_CONVERSION = YES;
				CLANG_WARN_CONSTANT_CONVERSION = YES;
				CLANG_WARN_DIRECT_OBJC_ISA_USAGE = YES_ERROR;
				CLANG_WARN_EMPTY_BODY = YES;
				CLANG_WARN_ENUM_CONVERSION = YES;
				CLANG_WARN_INT_CONVERSION = YES;
				CLANG_WARN_OBJC_ROOT_CLASS = YES_ERROR;
				CLANG_WARN__DUPLICATE_METHOD_MATCH = YES;
				"CODE_SIGN_IDENTITY[sdk=iphoneos*]" = "iPhone Developer";
				COPY_PHASE_STRIP = YES;
				ENABLE_NS_ASSERTIONS = NO;
				GCC_C_LANGUAGE_STANDARD = gnu99;
				GCC_WARN_64_TO_32_BIT_CONVERSION = YES;
				GCC_WARN_ABOUT_RETURN_TYPE = YES_ERROR;
				GCC_WARN_UNDECLARED_SELECTOR = YES;
				GCC_WARN_UNINITIALIZED_AUTOS = YES;
				GCC_WARN_UNUSED_FUNCTION = YES;
				GCC_WARN_UNUSED_VARIABLE = YES;
				IPHONEOS_DEPLOYMENT_TARGET = 7.0;
				SDKROOT = iphoneos;
				VALIDATE_PRODUCT = YES;
			};
			name = Release;
		};
		535EA93218297638003D289A /* Debug */ = {
			isa = XCBuildConfiguration;
			buildSettings = {
				ASSETCATALOG_COMPILER_APPICON_NAME = AppIcon;
				ASSETCATALOG_COMPILER_LAUNCHIMAGE_NAME = LaunchImage;
				GCC_PRECOMPILE_PREFIX_HEADER = YES;
				GCC_PREFIX_HEADER = "CollegeComparison/CollegeComparison-Prefix.pch";
				INFOPLIST_FILE = "CollegeComparison/CollegeComparison-Info.plist";
				PRODUCT_NAME = "$(TARGET_NAME)";
				WRAPPER_EXTENSION = app;
			};
			name = Debug;
		};
		535EA93318297638003D289A /* Release */ = {
			isa = XCBuildConfiguration;
			buildSettings = {
				ASSETCATALOG_COMPILER_APPICON_NAME = AppIcon;
				ASSETCATALOG_COMPILER_LAUNCHIMAGE_NAME = LaunchImage;
				GCC_PRECOMPILE_PREFIX_HEADER = YES;
				GCC_PREFIX_HEADER = "CollegeComparison/CollegeComparison-Prefix.pch";
				INFOPLIST_FILE = "CollegeComparison/CollegeComparison-Info.plist";
				PRODUCT_NAME = "$(TARGET_NAME)";
				WRAPPER_EXTENSION = app;
			};
			name = Release;
		};
		535EA93518297638003D289A /* Debug */ = {
			isa = XCBuildConfiguration;
			buildSettings = {
				ARCHS = "$(ARCHS_STANDARD_INCLUDING_64_BIT)";
				BUNDLE_LOADER = "$(BUILT_PRODUCTS_DIR)/CollegeComparison.app/CollegeComparison";
				FRAMEWORK_SEARCH_PATHS = (
					"$(SDKROOT)/Developer/Library/Frameworks",
					"$(inherited)",
					"$(DEVELOPER_FRAMEWORKS_DIR)",
				);
				GCC_PRECOMPILE_PREFIX_HEADER = YES;
				GCC_PREFIX_HEADER = "CollegeComparison/CollegeComparison-Prefix.pch";
				GCC_PREPROCESSOR_DEFINITIONS = (
					"DEBUG=1",
					"$(inherited)",
				);
				INFOPLIST_FILE = "CollegeComparisonTests/CollegeComparisonTests-Info.plist";
				PRODUCT_NAME = "$(TARGET_NAME)";
				TEST_HOST = "$(BUNDLE_LOADER)";
				WRAPPER_EXTENSION = xctest;
			};
			name = Debug;
		};
		535EA93618297638003D289A /* Release */ = {
			isa = XCBuildConfiguration;
			buildSettings = {
				ARCHS = "$(ARCHS_STANDARD_INCLUDING_64_BIT)";
				BUNDLE_LOADER = "$(BUILT_PRODUCTS_DIR)/CollegeComparison.app/CollegeComparison";
				FRAMEWORK_SEARCH_PATHS = (
					"$(SDKROOT)/Developer/Library/Frameworks",
					"$(inherited)",
					"$(DEVELOPER_FRAMEWORKS_DIR)",
				);
				GCC_PRECOMPILE_PREFIX_HEADER = YES;
				GCC_PREFIX_HEADER = "CollegeComparison/CollegeComparison-Prefix.pch";
				INFOPLIST_FILE = "CollegeComparisonTests/CollegeComparisonTests-Info.plist";
				PRODUCT_NAME = "$(TARGET_NAME)";
				TEST_HOST = "$(BUNDLE_LOADER)";
				WRAPPER_EXTENSION = xctest;
			};
			name = Release;
		};
/* End XCBuildConfiguration section */

/* Begin XCConfigurationList section */
		535EA8FA18297637003D289A /* Build configuration list for PBXProject "CollegeComparison" */ = {
			isa = XCConfigurationList;
			buildConfigurations = (
				535EA92F18297638003D289A /* Debug */,
				535EA93018297638003D289A /* Release */,
			);
			defaultConfigurationIsVisible = 0;
			defaultConfigurationName = Release;
		};
		535EA93118297638003D289A /* Build configuration list for PBXNativeTarget "CollegeComparison" */ = {
			isa = XCConfigurationList;
			buildConfigurations = (
				535EA93218297638003D289A /* Debug */,
				535EA93318297638003D289A /* Release */,
			);
			defaultConfigurationIsVisible = 0;
			defaultConfigurationName = Release;
		};
		535EA93418297638003D289A /* Build configuration list for PBXNativeTarget "CollegeComparisonTests" */ = {
			isa = XCConfigurationList;
			buildConfigurations = (
				535EA93518297638003D289A /* Debug */,
				535EA93618297638003D289A /* Release */,
			);
			defaultConfigurationIsVisible = 0;
			defaultConfigurationName = Release;
		};
/* End XCConfigurationList section */
	};
	rootObject = 535EA8F718297637003D289A /* Project object */;
}
