// !$*UTF8*$!
{
	archiveVersion = 1;
	classes = {
	};
	objectVersion = 46;
	objects = {

/* Begin PBXBuildFile section */
		3D581DC3184C4A5B00645179 /* QuartzCore.framework in Frameworks */ = {isa = PBXBuildFile; fileRef = 3D581DC2184C4A5A00645179 /* QuartzCore.framework */; };
		53290F431830A1F800781050 /* libsqlite3.dylib in Frameworks */ = {isa = PBXBuildFile; fileRef = 53290F421830A1F800781050 /* libsqlite3.dylib */; };
		53290F491830A9D000781050 /* schools.db in Resources */ = {isa = PBXBuildFile; fileRef = 53290F481830A9D000781050 /* schools.db */; };
		535EA90318297637003D289A /* Foundation.framework in Frameworks */ = {isa = PBXBuildFile; fileRef = 535EA90218297637003D289A /* Foundation.framework */; };
		535EA90518297637003D289A /* CoreGraphics.framework in Frameworks */ = {isa = PBXBuildFile; fileRef = 535EA90418297637003D289A /* CoreGraphics.framework */; };
		535EA90718297637003D289A /* UIKit.framework in Frameworks */ = {isa = PBXBuildFile; fileRef = 535EA90618297637003D289A /* UIKit.framework */; };
		535EA90D18297637003D289A /* InfoPlist.strings in Resources */ = {isa = PBXBuildFile; fileRef = 535EA90B18297637003D289A /* InfoPlist.strings */; };
		535EA90F18297637003D289A /* main.m in Sources */ = {isa = PBXBuildFile; fileRef = 535EA90E18297637003D289A /* main.m */; };
		535EA91318297637003D289A /* CCAppDelegate.m in Sources */ = {isa = PBXBuildFile; fileRef = 535EA91218297637003D289A /* CCAppDelegate.m */; };
		535EA91B18297637003D289A /* Images.xcassets in Resources */ = {isa = PBXBuildFile; fileRef = 535EA91A18297637003D289A /* Images.xcassets */; };
		535EA92218297637003D289A /* XCTest.framework in Frameworks */ = {isa = PBXBuildFile; fileRef = 535EA92118297637003D289A /* XCTest.framework */; };
		535EA92318297638003D289A /* Foundation.framework in Frameworks */ = {isa = PBXBuildFile; fileRef = 535EA90218297637003D289A /* Foundation.framework */; };
		535EA92418297638003D289A /* UIKit.framework in Frameworks */ = {isa = PBXBuildFile; fileRef = 535EA90618297637003D289A /* UIKit.framework */; };
		535EA92C18297638003D289A /* InfoPlist.strings in Resources */ = {isa = PBXBuildFile; fileRef = 535EA92A18297638003D289A /* InfoPlist.strings */; };
		535EA92E18297638003D289A /* CollegeComparisonTests.m in Sources */ = {isa = PBXBuildFile; fileRef = 535EA92D18297638003D289A /* CollegeComparisonTests.m */; };
		53E4E7DD184E6711001A1B34 /* Main.storyboard in Resources */ = {isa = PBXBuildFile; fileRef = 535EA91418297637003D289A /* Main.storyboard */; };
		BA75ED271881DE030087BC15 /* custom_star_icon.png in Resources */ = {isa = PBXBuildFile; fileRef = BA75ED211881DE030087BC15 /* custom_star_icon.png */; };
		BA75ED281881DE030087BC15 /* highlighted_star.png in Resources */ = {isa = PBXBuildFile; fileRef = BA75ED221881DE030087BC15 /* highlighted_star.png */; };
		BA75ED291881DE030087BC15 /* highlighted_star@2x.png in Resources */ = {isa = PBXBuildFile; fileRef = BA75ED231881DE030087BC15 /* highlighted_star@2x.png */; };
		BA75ED2A1881DE030087BC15 /* star_icon.png in Resources */ = {isa = PBXBuildFile; fileRef = BA75ED241881DE030087BC15 /* star_icon.png */; };
		BA75ED2B1881DE030087BC15 /* unhighlighted_star.png in Resources */ = {isa = PBXBuildFile; fileRef = BA75ED251881DE030087BC15 /* unhighlighted_star.png */; };
		BA75ED2C1881DE030087BC15 /* unhighlighted_star@2x.png in Resources */ = {isa = PBXBuildFile; fileRef = BA75ED261881DE030087BC15 /* unhighlighted_star@2x.png */; };
		BA75ED311881DE710087BC15 /* CCBookmarksPage.m in Sources */ = {isa = PBXBuildFile; fileRef = BA75ED2E1881DE710087BC15 /* CCBookmarksPage.m */; };
		BA75ED321881DE710087BC15 /* CCFavoriteSCell.m in Sources */ = {isa = PBXBuildFile; fileRef = BA75ED301881DE710087BC15 /* CCFavoriteSCell.m */; };
		BA75ED381881DF220087BC15 /* CCAnimationPageViewController.m in Sources */ = {isa = PBXBuildFile; fileRef = BA75ED341881DF220087BC15 /* CCAnimationPageViewController.m */; };
		BA75ED391881DF220087BC15 /* CCAnimationsScreenViewController.m in Sources */ = {isa = PBXBuildFile; fileRef = BA75ED361881DF220087BC15 /* CCAnimationsScreenViewController.m */; };
		BA75ED3A1881DF220087BC15 /* CCAnimationsScreenViewController.xib in Resources */ = {isa = PBXBuildFile; fileRef = BA75ED371881DF220087BC15 /* CCAnimationsScreenViewController.xib */; };
		BA75ED3D1881DFBE0087BC15 /* HomeViewController.m in Sources */ = {isa = PBXBuildFile; fileRef = BA75ED3C1881DFBE0087BC15 /* HomeViewController.m */; };
		BA75ED511881E12D0087BC15 /* CollegeSearchViewController.m in Sources */ = {isa = PBXBuildFile; fileRef = BA75ED4A1881E12D0087BC15 /* CollegeSearchViewController.m */; };
		BA75ED521881E12D0087BC15 /* FilteredCollegesTableViewCell.m in Sources */ = {isa = PBXBuildFile; fileRef = BA75ED4C1881E12D0087BC15 /* FilteredCollegesTableViewCell.m */; };
		BA75ED531881E12D0087BC15 /* FilteredCollegesViewController.m in Sources */ = {isa = PBXBuildFile; fileRef = BA75ED4E1881E12D0087BC15 /* FilteredCollegesViewController.m */; };
		BA75ED541881E12D0087BC15 /* FilterViewController.m in Sources */ = {isa = PBXBuildFile; fileRef = BA75ED501881E12D0087BC15 /* FilterViewController.m */; };
		BA75ED5B1881E1B40087BC15 /* CollegeDetailTableViewController.m in Sources */ = {isa = PBXBuildFile; fileRef = BA75ED561881E1B40087BC15 /* CollegeDetailTableViewController.m */; };
		BA75ED5C1881E1B40087BC15 /* CollegeDetailViewController.m in Sources */ = {isa = PBXBuildFile; fileRef = BA75ED581881E1B40087BC15 /* CollegeDetailViewController.m */; };
		BA75ED5D1881E1B40087BC15 /* CollegeSavedViewController.m in Sources */ = {isa = PBXBuildFile; fileRef = BA75ED5A1881E1B40087BC15 /* CollegeSavedViewController.m */; };
		BA75ED5F1881E2050087BC15 /* favoritesCell.xib in Resources */ = {isa = PBXBuildFile; fileRef = BA75ED5E1881E2050087BC15 /* favoritesCell.xib */; };
		BA75ED691881E2530087BC15 /* bookmarkHigh.png in Resources */ = {isa = PBXBuildFile; fileRef = BA75ED601881E2530087BC15 /* bookmarkHigh.png */; };
		BA75ED6A1881E2530087BC15 /* debut_dark.png in Resources */ = {isa = PBXBuildFile; fileRef = BA75ED611881E2530087BC15 /* debut_dark.png */; };
		BA75ED6B1881E2530087BC15 /* map.png in Resources */ = {isa = PBXBuildFile; fileRef = BA75ED621881E2530087BC15 /* map.png */; };
		BA75ED6C1881E2530087BC15 /* menu.png in Resources */ = {isa = PBXBuildFile; fileRef = BA75ED631881E2530087BC15 /* menu.png */; };
		BA75ED6D1881E2530087BC15 /* menu@2x.png in Resources */ = {isa = PBXBuildFile; fileRef = BA75ED641881E2530087BC15 /* menu@2x.png */; };
		BA75ED6E1881E2530087BC15 /* news.png in Resources */ = {isa = PBXBuildFile; fileRef = BA75ED651881E2530087BC15 /* news.png */; };
		BA75ED6F1881E2530087BC15 /* pixel_weave.png in Resources */ = {isa = PBXBuildFile; fileRef = BA75ED661881E2530087BC15 /* pixel_weave.png */; };
		BA75ED701881E2530087BC15 /* sync_image.png in Resources */ = {isa = PBXBuildFile; fileRef = BA75ED671881E2530087BC15 /* sync_image.png */; };
		BA75ED711881E2530087BC15 /* wild_olivia.png in Resources */ = {isa = PBXBuildFile; fileRef = BA75ED681881E2530087BC15 /* wild_olivia.png */; };
		BA75ED741881E26D0087BC15 /* SWRevealViewController.m in Sources */ = {isa = PBXBuildFile; fileRef = BA75ED731881E26D0087BC15 /* SWRevealViewController.m */; };
		BA75ED771881E2830087BC15 /* CCPanelViewViewController.m in Sources */ = {isa = PBXBuildFile; fileRef = BA75ED761881E2830087BC15 /* CCPanelViewViewController.m */; };
		BA75ED7A1881E2DC0087BC15 /* CCSettingsViewController.m in Sources */ = {isa = PBXBuildFile; fileRef = BA75ED791881E2DC0087BC15 /* CCSettingsViewController.m */; };
		BA75ED7E1881E3B90087BC15 /* home_navbar_icon.png in Resources */ = {isa = PBXBuildFile; fileRef = BA75ED7C1881E3B90087BC15 /* home_navbar_icon.png */; };
		BA75ED7F1881E3B90087BC15 /* home_navbar_icon@2x.png in Resources */ = {isa = PBXBuildFile; fileRef = BA75ED7D1881E3B90087BC15 /* home_navbar_icon@2x.png */; };
		BA75ED851881E4280087BC15 /* MUITCollege.m in Sources */ = {isa = PBXBuildFile; fileRef = BA75ED811881E4280087BC15 /* MUITCollege.m */; };
		BA75ED861881E4280087BC15 /* MUITCollegeDataProvider.m in Sources */ = {isa = PBXBuildFile; fileRef = BA75ED831881E4280087BC15 /* MUITCollegeDataProvider.m */; };
		BA75ED871881E4280087BC15 /* schools.db in Resources */ = {isa = PBXBuildFile; fileRef = BA75ED841881E4280087BC15 /* schools.db */; };
		BAE4EB2E185075FC00597C1D /* ios-linen.jpg in Resources */ = {isa = PBXBuildFile; fileRef = BAE4EB2D185075FC00597C1D /* ios-linen.jpg */; };
		BAE4EB3918543B2900597C1D /* my_star_icon.png in Resources */ = {isa = PBXBuildFile; fileRef = BAE4EB3818543B2900597C1D /* my_star_icon.png */; };
		BAE4EB3B18543BB200597C1D /* gold_star.png in Resources */ = {isa = PBXBuildFile; fileRef = BAE4EB3A18543BB200597C1D /* gold_star.png */; };
/* End PBXBuildFile section */

/* Begin PBXContainerItemProxy section */
		535EA92518297638003D289A /* PBXContainerItemProxy */ = {
			isa = PBXContainerItemProxy;
			containerPortal = 535EA8F718297637003D289A /* Project object */;
			proxyType = 1;
			remoteGlobalIDString = 535EA8FE18297637003D289A;
			remoteInfo = CollegeComparison;
		};
/* End PBXContainerItemProxy section */

/* Begin PBXFileReference section */
		3D581DC2184C4A5A00645179 /* QuartzCore.framework */ = {isa = PBXFileReference; lastKnownFileType = wrapper.framework; name = QuartzCore.framework; path = System/Library/Frameworks/QuartzCore.framework; sourceTree = SDKROOT; };
		53290F421830A1F800781050 /* libsqlite3.dylib */ = {isa = PBXFileReference; lastKnownFileType = "compiled.mach-o.dylib"; name = libsqlite3.dylib; path = usr/lib/libsqlite3.dylib; sourceTree = SDKROOT; };
		53290F481830A9D000781050 /* schools.db */ = {isa = PBXFileReference; lastKnownFileType = file; path = schools.db; sourceTree = "<group>"; };
		535EA8FF18297637003D289A /* CollegeComparison.app */ = {isa = PBXFileReference; explicitFileType = wrapper.application; includeInIndex = 0; path = CollegeComparison.app; sourceTree = BUILT_PRODUCTS_DIR; };
		535EA90218297637003D289A /* Foundation.framework */ = {isa = PBXFileReference; lastKnownFileType = wrapper.framework; name = Foundation.framework; path = System/Library/Frameworks/Foundation.framework; sourceTree = SDKROOT; };
		535EA90418297637003D289A /* CoreGraphics.framework */ = {isa = PBXFileReference; lastKnownFileType = wrapper.framework; name = CoreGraphics.framework; path = System/Library/Frameworks/CoreGraphics.framework; sourceTree = SDKROOT; };
		535EA90618297637003D289A /* UIKit.framework */ = {isa = PBXFileReference; lastKnownFileType = wrapper.framework; name = UIKit.framework; path = System/Library/Frameworks/UIKit.framework; sourceTree = SDKROOT; };
		535EA90A18297637003D289A /* CollegeComparison-Info.plist */ = {isa = PBXFileReference; lastKnownFileType = text.plist.xml; path = "CollegeComparison-Info.plist"; sourceTree = "<group>"; };
		535EA90C18297637003D289A /* en */ = {isa = PBXFileReference; lastKnownFileType = text.plist.strings; name = en; path = en.lproj/InfoPlist.strings; sourceTree = "<group>"; };
		535EA90E18297637003D289A /* main.m */ = {isa = PBXFileReference; lastKnownFileType = sourcecode.c.objc; path = main.m; sourceTree = "<group>"; };
		535EA91018297637003D289A /* CollegeComparison-Prefix.pch */ = {isa = PBXFileReference; lastKnownFileType = sourcecode.c.h; path = "CollegeComparison-Prefix.pch"; sourceTree = "<group>"; };
		535EA91118297637003D289A /* CCAppDelegate.h */ = {isa = PBXFileReference; lastKnownFileType = sourcecode.c.h; path = CCAppDelegate.h; sourceTree = "<group>"; };
		535EA91218297637003D289A /* CCAppDelegate.m */ = {isa = PBXFileReference; lastKnownFileType = sourcecode.c.objc; path = CCAppDelegate.m; sourceTree = "<group>"; };
		535EA91518297637003D289A /* Base */ = {isa = PBXFileReference; lastKnownFileType = file.storyboard; name = Base; path = Base.lproj/Main.storyboard; sourceTree = "<group>"; };
		535EA91A18297637003D289A /* Images.xcassets */ = {isa = PBXFileReference; lastKnownFileType = folder.assetcatalog; path = Images.xcassets; sourceTree = "<group>"; };
		535EA92018297637003D289A /* CollegeComparisonTests.xctest */ = {isa = PBXFileReference; explicitFileType = wrapper.cfbundle; includeInIndex = 0; path = CollegeComparisonTests.xctest; sourceTree = BUILT_PRODUCTS_DIR; };
		535EA92118297637003D289A /* XCTest.framework */ = {isa = PBXFileReference; lastKnownFileType = wrapper.framework; name = XCTest.framework; path = Library/Frameworks/XCTest.framework; sourceTree = DEVELOPER_DIR; };
		535EA92918297638003D289A /* CollegeComparisonTests-Info.plist */ = {isa = PBXFileReference; lastKnownFileType = text.plist.xml; path = "CollegeComparisonTests-Info.plist"; sourceTree = "<group>"; };
		535EA92B18297638003D289A /* en */ = {isa = PBXFileReference; lastKnownFileType = text.plist.strings; name = en; path = en.lproj/InfoPlist.strings; sourceTree = "<group>"; };
		535EA92D18297638003D289A /* CollegeComparisonTests.m */ = {isa = PBXFileReference; lastKnownFileType = sourcecode.c.objc; path = CollegeComparisonTests.m; sourceTree = "<group>"; };
		BA75ED211881DE030087BC15 /* custom_star_icon.png */ = {isa = PBXFileReference; lastKnownFileType = image.png; path = custom_star_icon.png; sourceTree = "<group>"; };
		BA75ED221881DE030087BC15 /* highlighted_star.png */ = {isa = PBXFileReference; lastKnownFileType = image.png; path = highlighted_star.png; sourceTree = "<group>"; };
		BA75ED231881DE030087BC15 /* highlighted_star@2x.png */ = {isa = PBXFileReference; lastKnownFileType = image.png; path = "highlighted_star@2x.png"; sourceTree = "<group>"; };
		BA75ED241881DE030087BC15 /* star_icon.png */ = {isa = PBXFileReference; lastKnownFileType = image.png; path = star_icon.png; sourceTree = "<group>"; };
		BA75ED251881DE030087BC15 /* unhighlighted_star.png */ = {isa = PBXFileReference; lastKnownFileType = image.png; path = unhighlighted_star.png; sourceTree = "<group>"; };
		BA75ED261881DE030087BC15 /* unhighlighted_star@2x.png */ = {isa = PBXFileReference; lastKnownFileType = image.png; path = "unhighlighted_star@2x.png"; sourceTree = "<group>"; };
		BA75ED2D1881DE710087BC15 /* CCBookmarksPage.h */ = {isa = PBXFileReference; fileEncoding = 4; lastKnownFileType = sourcecode.c.h; path = CCBookmarksPage.h; sourceTree = "<group>"; };
		BA75ED2E1881DE710087BC15 /* CCBookmarksPage.m */ = {isa = PBXFileReference; fileEncoding = 4; lastKnownFileType = sourcecode.c.objc; path = CCBookmarksPage.m; sourceTree = "<group>"; };
		BA75ED2F1881DE710087BC15 /* CCFavoriteSCell.h */ = {isa = PBXFileReference; fileEncoding = 4; lastKnownFileType = sourcecode.c.h; path = CCFavoriteSCell.h; sourceTree = "<group>"; };
		BA75ED301881DE710087BC15 /* CCFavoriteSCell.m */ = {isa = PBXFileReference; fileEncoding = 4; lastKnownFileType = sourcecode.c.objc; path = CCFavoriteSCell.m; sourceTree = "<group>"; };
		BA75ED331881DF220087BC15 /* CCAnimationPageViewController.h */ = {isa = PBXFileReference; fileEncoding = 4; lastKnownFileType = sourcecode.c.h; name = CCAnimationPageViewController.h; path = View/comparisonAnimations/CCAnimationPageViewController.h; sourceTree = SOURCE_ROOT; };
		BA75ED341881DF220087BC15 /* CCAnimationPageViewController.m */ = {isa = PBXFileReference; fileEncoding = 4; lastKnownFileType = sourcecode.c.objc; name = CCAnimationPageViewController.m; path = View/comparisonAnimations/CCAnimationPageViewController.m; sourceTree = SOURCE_ROOT; };
		BA75ED351881DF220087BC15 /* CCAnimationsScreenViewController.h */ = {isa = PBXFileReference; fileEncoding = 4; lastKnownFileType = sourcecode.c.h; name = CCAnimationsScreenViewController.h; path = View/comparisonAnimations/CCAnimationsScreenViewController.h; sourceTree = SOURCE_ROOT; };
		BA75ED361881DF220087BC15 /* CCAnimationsScreenViewController.m */ = {isa = PBXFileReference; fileEncoding = 4; lastKnownFileType = sourcecode.c.objc; name = CCAnimationsScreenViewController.m; path = View/comparisonAnimations/CCAnimationsScreenViewController.m; sourceTree = SOURCE_ROOT; };
		BA75ED371881DF220087BC15 /* CCAnimationsScreenViewController.xib */ = {isa = PBXFileReference; fileEncoding = 4; lastKnownFileType = file.xib; name = CCAnimationsScreenViewController.xib; path = View/comparisonAnimations/CCAnimationsScreenViewController.xib; sourceTree = SOURCE_ROOT; };
		BA75ED3B1881DFBE0087BC15 /* HomeViewController.h */ = {isa = PBXFileReference; fileEncoding = 4; lastKnownFileType = sourcecode.c.h; name = HomeViewController.h; path = View/home/HomeViewController.h; sourceTree = SOURCE_ROOT; };
		BA75ED3C1881DFBE0087BC15 /* HomeViewController.m */ = {isa = PBXFileReference; fileEncoding = 4; lastKnownFileType = sourcecode.c.objc; name = HomeViewController.m; path = View/home/HomeViewController.m; sourceTree = SOURCE_ROOT; };
		BA75ED491881E12D0087BC15 /* CollegeSearchViewController.h */ = {isa = PBXFileReference; fileEncoding = 4; lastKnownFileType = sourcecode.c.h; name = CollegeSearchViewController.h; path = View/search/CollegeSearchViewController.h; sourceTree = SOURCE_ROOT; };
		BA75ED4A1881E12D0087BC15 /* CollegeSearchViewController.m */ = {isa = PBXFileReference; fileEncoding = 4; lastKnownFileType = sourcecode.c.objc; name = CollegeSearchViewController.m; path = View/search/CollegeSearchViewController.m; sourceTree = SOURCE_ROOT; };
		BA75ED4B1881E12D0087BC15 /* FilteredCollegesTableViewCell.h */ = {isa = PBXFileReference; fileEncoding = 4; lastKnownFileType = sourcecode.c.h; name = FilteredCollegesTableViewCell.h; path = View/search/FilteredCollegesTableViewCell.h; sourceTree = SOURCE_ROOT; };
		BA75ED4C1881E12D0087BC15 /* FilteredCollegesTableViewCell.m */ = {isa = PBXFileReference; fileEncoding = 4; lastKnownFileType = sourcecode.c.objc; name = FilteredCollegesTableViewCell.m; path = View/search/FilteredCollegesTableViewCell.m; sourceTree = SOURCE_ROOT; };
		BA75ED4D1881E12D0087BC15 /* FilteredCollegesViewController.h */ = {isa = PBXFileReference; fileEncoding = 4; lastKnownFileType = sourcecode.c.h; name = FilteredCollegesViewController.h; path = View/search/FilteredCollegesViewController.h; sourceTree = SOURCE_ROOT; };
		BA75ED4E1881E12D0087BC15 /* FilteredCollegesViewController.m */ = {isa = PBXFileReference; fileEncoding = 4; lastKnownFileType = sourcecode.c.objc; name = FilteredCollegesViewController.m; path = View/search/FilteredCollegesViewController.m; sourceTree = SOURCE_ROOT; };
		BA75ED4F1881E12D0087BC15 /* FilterViewController.h */ = {isa = PBXFileReference; fileEncoding = 4; lastKnownFileType = sourcecode.c.h; name = FilterViewController.h; path = View/search/FilterViewController.h; sourceTree = SOURCE_ROOT; };
		BA75ED501881E12D0087BC15 /* FilterViewController.m */ = {isa = PBXFileReference; fileEncoding = 4; lastKnownFileType = sourcecode.c.objc; name = FilterViewController.m; path = View/search/FilterViewController.m; sourceTree = SOURCE_ROOT; };
		BA75ED551881E1B40087BC15 /* CollegeDetailTableViewController.h */ = {isa = PBXFileReference; fileEncoding = 4; lastKnownFileType = sourcecode.c.h; name = CollegeDetailTableViewController.h; path = View/collegeView/CollegeDetailTableViewController.h; sourceTree = SOURCE_ROOT; };
		BA75ED561881E1B40087BC15 /* CollegeDetailTableViewController.m */ = {isa = PBXFileReference; fileEncoding = 4; lastKnownFileType = sourcecode.c.objc; name = CollegeDetailTableViewController.m; path = View/collegeView/CollegeDetailTableViewController.m; sourceTree = SOURCE_ROOT; };
		BA75ED571881E1B40087BC15 /* CollegeDetailViewController.h */ = {isa = PBXFileReference; fileEncoding = 4; lastKnownFileType = sourcecode.c.h; name = CollegeDetailViewController.h; path = View/collegeView/CollegeDetailViewController.h; sourceTree = SOURCE_ROOT; };
		BA75ED581881E1B40087BC15 /* CollegeDetailViewController.m */ = {isa = PBXFileReference; fileEncoding = 4; lastKnownFileType = sourcecode.c.objc; name = CollegeDetailViewController.m; path = View/collegeView/CollegeDetailViewController.m; sourceTree = SOURCE_ROOT; };
		BA75ED591881E1B40087BC15 /* CollegeSavedViewController.h */ = {isa = PBXFileReference; fileEncoding = 4; lastKnownFileType = sourcecode.c.h; name = CollegeSavedViewController.h; path = View/collegeView/CollegeSavedViewController.h; sourceTree = SOURCE_ROOT; };
		BA75ED5A1881E1B40087BC15 /* CollegeSavedViewController.m */ = {isa = PBXFileReference; fileEncoding = 4; lastKnownFileType = sourcecode.c.objc; name = CollegeSavedViewController.m; path = View/collegeView/CollegeSavedViewController.m; sourceTree = SOURCE_ROOT; };
		BA75ED5E1881E2050087BC15 /* favoritesCell.xib */ = {isa = PBXFileReference; fileEncoding = 4; lastKnownFileType = file.xib; name = favoritesCell.xib; path = View/bookmarks/favoritesCell.xib; sourceTree = SOURCE_ROOT; };
		BA75ED601881E2530087BC15 /* bookmarkHigh.png */ = {isa = PBXFileReference; lastKnownFileType = image.png; name = bookmarkHigh.png; path = View/panelView/images/bookmarkHigh.png; sourceTree = SOURCE_ROOT; };
		BA75ED611881E2530087BC15 /* debut_dark.png */ = {isa = PBXFileReference; lastKnownFileType = image.png; name = debut_dark.png; path = View/panelView/images/debut_dark.png; sourceTree = SOURCE_ROOT; };
		BA75ED621881E2530087BC15 /* map.png */ = {isa = PBXFileReference; lastKnownFileType = image.png; name = map.png; path = View/panelView/images/map.png; sourceTree = SOURCE_ROOT; };
		BA75ED631881E2530087BC15 /* menu.png */ = {isa = PBXFileReference; lastKnownFileType = image.png; name = menu.png; path = View/panelView/images/menu.png; sourceTree = SOURCE_ROOT; };
		BA75ED641881E2530087BC15 /* menu@2x.png */ = {isa = PBXFileReference; lastKnownFileType = image.png; name = "menu@2x.png"; path = "View/panelView/images/menu@2x.png"; sourceTree = SOURCE_ROOT; };
		BA75ED651881E2530087BC15 /* news.png */ = {isa = PBXFileReference; lastKnownFileType = image.png; name = news.png; path = View/panelView/images/news.png; sourceTree = SOURCE_ROOT; };
		BA75ED661881E2530087BC15 /* pixel_weave.png */ = {isa = PBXFileReference; lastKnownFileType = image.png; name = pixel_weave.png; path = View/panelView/images/pixel_weave.png; sourceTree = SOURCE_ROOT; };
		BA75ED671881E2530087BC15 /* sync_image.png */ = {isa = PBXFileReference; lastKnownFileType = image.png; name = sync_image.png; path = View/panelView/images/sync_image.png; sourceTree = SOURCE_ROOT; };
		BA75ED681881E2530087BC15 /* wild_olivia.png */ = {isa = PBXFileReference; lastKnownFileType = image.png; name = wild_olivia.png; path = View/panelView/images/wild_olivia.png; sourceTree = SOURCE_ROOT; };
		BA75ED721881E26D0087BC15 /* SWRevealViewController.h */ = {isa = PBXFileReference; fileEncoding = 4; lastKnownFileType = sourcecode.c.h; name = SWRevealViewController.h; path = View/panelView/SWRevealViewController.h; sourceTree = SOURCE_ROOT; };
		BA75ED731881E26D0087BC15 /* SWRevealViewController.m */ = {isa = PBXFileReference; fileEncoding = 4; lastKnownFileType = sourcecode.c.objc; name = SWRevealViewController.m; path = View/panelView/SWRevealViewController.m; sourceTree = SOURCE_ROOT; };
		BA75ED751881E2830087BC15 /* CCPanelViewViewController.h */ = {isa = PBXFileReference; fileEncoding = 4; lastKnownFileType = sourcecode.c.h; name = CCPanelViewViewController.h; path = View/panelView/CCPanelViewViewController.h; sourceTree = SOURCE_ROOT; };
		BA75ED761881E2830087BC15 /* CCPanelViewViewController.m */ = {isa = PBXFileReference; fileEncoding = 4; lastKnownFileType = sourcecode.c.objc; name = CCPanelViewViewController.m; path = View/panelView/CCPanelViewViewController.m; sourceTree = SOURCE_ROOT; };
		BA75ED781881E2DC0087BC15 /* CCSettingsViewController.h */ = {isa = PBXFileReference; fileEncoding = 4; lastKnownFileType = sourcecode.c.h; name = CCSettingsViewController.h; path = View/settings/CCSettingsViewController.h; sourceTree = SOURCE_ROOT; };
		BA75ED791881E2DC0087BC15 /* CCSettingsViewController.m */ = {isa = PBXFileReference; fileEncoding = 4; lastKnownFileType = sourcecode.c.objc; name = CCSettingsViewController.m; path = View/settings/CCSettingsViewController.m; sourceTree = SOURCE_ROOT; };
		BA75ED7C1881E3B90087BC15 /* home_navbar_icon.png */ = {isa = PBXFileReference; lastKnownFileType = image.png; name = home_navbar_icon.png; path = View/images/home_navbar_icon.png; sourceTree = SOURCE_ROOT; };
		BA75ED7D1881E3B90087BC15 /* home_navbar_icon@2x.png */ = {isa = PBXFileReference; lastKnownFileType = image.png; name = "home_navbar_icon@2x.png"; path = "View/images/home_navbar_icon@2x.png"; sourceTree = SOURCE_ROOT; };
		BA75ED801881E4280087BC15 /* MUITCollege.h */ = {isa = PBXFileReference; fileEncoding = 4; lastKnownFileType = sourcecode.c.h; name = MUITCollege.h; path = model/MUITCollege.h; sourceTree = SOURCE_ROOT; };
		BA75ED811881E4280087BC15 /* MUITCollege.m */ = {isa = PBXFileReference; fileEncoding = 4; lastKnownFileType = sourcecode.c.objc; name = MUITCollege.m; path = model/MUITCollege.m; sourceTree = SOURCE_ROOT; };
		BA75ED821881E4280087BC15 /* MUITCollegeDataProvider.h */ = {isa = PBXFileReference; fileEncoding = 4; lastKnownFileType = sourcecode.c.h; name = MUITCollegeDataProvider.h; path = model/MUITCollegeDataProvider.h; sourceTree = SOURCE_ROOT; };
		BA75ED831881E4280087BC15 /* MUITCollegeDataProvider.m */ = {isa = PBXFileReference; fileEncoding = 4; lastKnownFileType = sourcecode.c.objc; name = MUITCollegeDataProvider.m; path = model/MUITCollegeDataProvider.m; sourceTree = SOURCE_ROOT; };
		BA75ED841881E4280087BC15 /* schools.db */ = {isa = PBXFileReference; lastKnownFileType = file; name = schools.db; path = model/schools.db; sourceTree = SOURCE_ROOT; };
		BAE4EB2D185075FC00597C1D /* ios-linen.jpg */ = {isa = PBXFileReference; lastKnownFileType = image.jpeg; path = "ios-linen.jpg"; sourceTree = "<group>"; };
		BAE4EB3818543B2900597C1D /* my_star_icon.png */ = {isa = PBXFileReference; lastKnownFileType = image.png; path = my_star_icon.png; sourceTree = "<group>"; };
		BAE4EB3A18543BB200597C1D /* gold_star.png */ = {isa = PBXFileReference; lastKnownFileType = image.png; path = gold_star.png; sourceTree = "<group>"; };
/* End PBXFileReference section */

/* Begin PBXFrameworksBuildPhase section */
		535EA8FC18297637003D289A /* Frameworks */ = {
			isa = PBXFrameworksBuildPhase;
			buildActionMask = 2147483647;
			files = (
				3D581DC3184C4A5B00645179 /* QuartzCore.framework in Frameworks */,
				53290F431830A1F800781050 /* libsqlite3.dylib in Frameworks */,
				535EA90518297637003D289A /* CoreGraphics.framework in Frameworks */,
				535EA90718297637003D289A /* UIKit.framework in Frameworks */,
				535EA90318297637003D289A /* Foundation.framework in Frameworks */,
			);
			runOnlyForDeploymentPostprocessing = 0;
		};
		535EA91D18297637003D289A /* Frameworks */ = {
			isa = PBXFrameworksBuildPhase;
			buildActionMask = 2147483647;
			files = (
				535EA92218297637003D289A /* XCTest.framework in Frameworks */,
				535EA92418297638003D289A /* UIKit.framework in Frameworks */,
				535EA92318297638003D289A /* Foundation.framework in Frameworks */,
			);
			runOnlyForDeploymentPostprocessing = 0;
		};
/* End PBXFrameworksBuildPhase section */

/* Begin PBXGroup section */
		532A1485184D7594009C5BAE /* Database */ = {
			isa = PBXGroup;
			children = (
				BA75ED801881E4280087BC15 /* MUITCollege.h */,
				BA75ED811881E4280087BC15 /* MUITCollege.m */,
				BA75ED821881E4280087BC15 /* MUITCollegeDataProvider.h */,
				BA75ED831881E4280087BC15 /* MUITCollegeDataProvider.m */,
				BA75ED841881E4280087BC15 /* schools.db */,
			);
			path = Database;
			sourceTree = "<group>";
		};
		535EA8F618297637003D289A = {
			isa = PBXGroup;
			children = (
				535EA90818297637003D289A /* CollegeComparison */,
				535EA92718297638003D289A /* CollegeComparisonTests */,
				535EA90118297637003D289A /* Frameworks */,
				535EA90018297637003D289A /* Products */,
			);
			sourceTree = "<group>";
		};
		535EA90018297637003D289A /* Products */ = {
			isa = PBXGroup;
			children = (
				535EA8FF18297637003D289A /* CollegeComparison.app */,
				535EA92018297637003D289A /* CollegeComparisonTests.xctest */,
			);
			name = Products;
			sourceTree = "<group>";
		};
		535EA90118297637003D289A /* Frameworks */ = {
			isa = PBXGroup;
			children = (
				3D581DC2184C4A5A00645179 /* QuartzCore.framework */,
				53290F421830A1F800781050 /* libsqlite3.dylib */,
				535EA90218297637003D289A /* Foundation.framework */,
				535EA90418297637003D289A /* CoreGraphics.framework */,
				535EA90618297637003D289A /* UIKit.framework */,
				535EA92118297637003D289A /* XCTest.framework */,
			);
			name = Frameworks;
			sourceTree = "<group>";
		};
		535EA90818297637003D289A /* CollegeComparison */ = {
			isa = PBXGroup;
			children = (
				535EA91418297637003D289A /* Main.storyboard */,
				535EA91218297637003D289A /* CCAppDelegate.m */,
				535EA91118297637003D289A /* CCAppDelegate.h */,
				532A1485184D7594009C5BAE /* Database */,
				BA852066183AE2E4002CC626 /* View */,
				535EA91A18297637003D289A /* Images.xcassets */,
				535EA90918297637003D289A /* Supporting Files */,
			);
			path = CollegeComparison;
			sourceTree = "<group>";
		};
		535EA90918297637003D289A /* Supporting Files */ = {
			isa = PBXGroup;
			children = (
				535EA90A18297637003D289A /* CollegeComparison-Info.plist */,
				53290F481830A9D000781050 /* schools.db */,
				535EA90B18297637003D289A /* InfoPlist.strings */,
				535EA90E18297637003D289A /* main.m */,
				535EA91018297637003D289A /* CollegeComparison-Prefix.pch */,
			);
			name = "Supporting Files";
			sourceTree = "<group>";
		};
		535EA92718297638003D289A /* CollegeComparisonTests */ = {
			isa = PBXGroup;
			children = (
				535EA92D18297638003D289A /* CollegeComparisonTests.m */,
				535EA92818297638003D289A /* Supporting Files */,
			);
			path = CollegeComparisonTests;
			sourceTree = "<group>";
		};
		535EA92818297638003D289A /* Supporting Files */ = {
			isa = PBXGroup;
			children = (
				535EA92918297638003D289A /* CollegeComparisonTests-Info.plist */,
				535EA92A18297638003D289A /* InfoPlist.strings */,
			);
			name = "Supporting Files";
			sourceTree = "<group>";
		};
		BA75ED7B1881E30D0087BC15 /* NavBar */ = {
			isa = PBXGroup;
			children = (
				BA75ED7C1881E3B90087BC15 /* home_navbar_icon.png */,
				BA75ED7D1881E3B90087BC15 /* home_navbar_icon@2x.png */,
			);
			name = NavBar;
			sourceTree = "<group>";
		};
		BA852066183AE2E4002CC626 /* View */ = {
			isa = PBXGroup;
			children = (
				BA98F1A51881592E00752303 /* College View */,
				BA98F1A4188158DB00752303 /* Search */,
				BA98F1A3188158C900752303 /* Home */,
				BAE4EB481854EDC400597C1D /* Bookmarking */,
				BA852071183AF40D002CC626 /* Bar Animations */,
				BA98F19F1881531D00752303 /* Settings */,
				BA98F1901881489D00752303 /* Panel View */,
				BA75ED7B1881E30D0087BC15 /* NavBar */,
			);
			name = View;
			sourceTree = "<group>";
		};
		BA852071183AF40D002CC626 /* Bar Animations */ = {
			isa = PBXGroup;
			children = (
				BA75ED331881DF220087BC15 /* CCAnimationPageViewController.h */,
				BA75ED341881DF220087BC15 /* CCAnimationPageViewController.m */,
				BA75ED351881DF220087BC15 /* CCAnimationsScreenViewController.h */,
				BA75ED361881DF220087BC15 /* CCAnimationsScreenViewController.m */,
				BA75ED371881DF220087BC15 /* CCAnimationsScreenViewController.xib */,
				BAE4EB2D185075FC00597C1D /* ios-linen.jpg */,
			);
			name = "Bar Animations";
			sourceTree = "<group>";
		};
		BA98F1901881489D00752303 /* Panel View */ = {
			isa = PBXGroup;
			children = (
				BA75ED751881E2830087BC15 /* CCPanelViewViewController.h */,
				BA75ED761881E2830087BC15 /* CCPanelViewViewController.m */,
				BA98F19818814B6100752303 /* Images */,
				BA98F191188148A500752303 /* Library */,
			);
			name = "Panel View";
			sourceTree = "<group>";
		};
		BA98F191188148A500752303 /* Library */ = {
			isa = PBXGroup;
			children = (
				BA75ED721881E26D0087BC15 /* SWRevealViewController.h */,
				BA75ED731881E26D0087BC15 /* SWRevealViewController.m */,
			);
			name = Library;
			sourceTree = "<group>";
		};
		BA98F19818814B6100752303 /* Images */ = {
			isa = PBXGroup;
			children = (
				BA75ED601881E2530087BC15 /* bookmarkHigh.png */,
				BA75ED611881E2530087BC15 /* debut_dark.png */,
				BA75ED621881E2530087BC15 /* map.png */,
				BA75ED631881E2530087BC15 /* menu.png */,
				BA75ED641881E2530087BC15 /* menu@2x.png */,
				BA75ED651881E2530087BC15 /* news.png */,
				BA75ED661881E2530087BC15 /* pixel_weave.png */,
				BA75ED671881E2530087BC15 /* sync_image.png */,
				BA75ED681881E2530087BC15 /* wild_olivia.png */,
			);
			name = Images;
			sourceTree = "<group>";
		};
		BA98F19F1881531D00752303 /* Settings */ = {
			isa = PBXGroup;
			children = (
				BA75ED781881E2DC0087BC15 /* CCSettingsViewController.h */,
				BA75ED791881E2DC0087BC15 /* CCSettingsViewController.m */,
			);
			name = Settings;
			sourceTree = "<group>";
		};
		BA98F1A3188158C900752303 /* Home */ = {
			isa = PBXGroup;
			children = (
				BA75ED3B1881DFBE0087BC15 /* HomeViewController.h */,
				BA75ED3C1881DFBE0087BC15 /* HomeViewController.m */,
			);
			name = Home;
			sourceTree = "<group>";
		};
		BA98F1A4188158DB00752303 /* Search */ = {
			isa = PBXGroup;
			children = (
				BA75ED491881E12D0087BC15 /* CollegeSearchViewController.h */,
				BA75ED4A1881E12D0087BC15 /* CollegeSearchViewController.m */,
				BA75ED4B1881E12D0087BC15 /* FilteredCollegesTableViewCell.h */,
				BA75ED4C1881E12D0087BC15 /* FilteredCollegesTableViewCell.m */,
				BA75ED4D1881E12D0087BC15 /* FilteredCollegesViewController.h */,
				BA75ED4E1881E12D0087BC15 /* FilteredCollegesViewController.m */,
				BA75ED4F1881E12D0087BC15 /* FilterViewController.h */,
				BA75ED501881E12D0087BC15 /* FilterViewController.m */,
			);
			name = Search;
			sourceTree = "<group>";
		};
		BA98F1A51881592E00752303 /* College View */ = {
			isa = PBXGroup;
			children = (
				BA75ED551881E1B40087BC15 /* CollegeDetailTableViewController.h */,
				BA75ED561881E1B40087BC15 /* CollegeDetailTableViewController.m */,
				BA75ED571881E1B40087BC15 /* CollegeDetailViewController.h */,
				BA75ED581881E1B40087BC15 /* CollegeDetailViewController.m */,
				BA75ED591881E1B40087BC15 /* CollegeSavedViewController.h */,
				BA75ED5A1881E1B40087BC15 /* CollegeSavedViewController.m */,
			);
			name = "College View";
			sourceTree = "<group>";
		};
		BAE4EB481854EDC400597C1D /* Bookmarking */ = {
			isa = PBXGroup;
			children = (
				BA75ED2D1881DE710087BC15 /* CCBookmarksPage.h */,
				BA75ED2E1881DE710087BC15 /* CCBookmarksPage.m */,
				BA75ED2F1881DE710087BC15 /* CCFavoriteSCell.h */,
				BA75ED301881DE710087BC15 /* CCFavoriteSCell.m */,
				BA75ED5E1881E2050087BC15 /* favoritesCell.xib */,
				BAE4EB491854EDD900597C1D /* Images */,
			);
			name = Bookmarking;
			sourceTree = "<group>";
		};
		BAE4EB491854EDD900597C1D /* Images */ = {
			isa = PBXGroup;
			children = (
				BA75ED211881DE030087BC15 /* custom_star_icon.png */,
				BA75ED221881DE030087BC15 /* highlighted_star.png */,
				BA75ED231881DE030087BC15 /* highlighted_star@2x.png */,
				BA75ED241881DE030087BC15 /* star_icon.png */,
				BA75ED251881DE030087BC15 /* unhighlighted_star.png */,
				BA75ED261881DE030087BC15 /* unhighlighted_star@2x.png */,
				BAE4EB3A18543BB200597C1D /* gold_star.png */,
				BAE4EB3818543B2900597C1D /* my_star_icon.png */,
			);
			name = Images;
			sourceTree = "<group>";
		};
/* End PBXGroup section */

/* Begin PBXNativeTarget section */
		535EA8FE18297637003D289A /* CollegeComparison */ = {
			isa = PBXNativeTarget;
			buildConfigurationList = 535EA93118297638003D289A /* Build configuration list for PBXNativeTarget "CollegeComparison" */;
			buildPhases = (
				535EA8FB18297637003D289A /* Sources */,
				535EA8FC18297637003D289A /* Frameworks */,
				535EA8FD18297637003D289A /* Resources */,
			);
			buildRules = (
			);
			dependencies = (
			);
			name = CollegeComparison;
			productName = CollegeComparison;
			productReference = 535EA8FF18297637003D289A /* CollegeComparison.app */;
			productType = "com.apple.product-type.application";
		};
		535EA91F18297637003D289A /* CollegeComparisonTests */ = {
			isa = PBXNativeTarget;
			buildConfigurationList = 535EA93418297638003D289A /* Build configuration list for PBXNativeTarget "CollegeComparisonTests" */;
			buildPhases = (
				535EA91C18297637003D289A /* Sources */,
				535EA91D18297637003D289A /* Frameworks */,
				535EA91E18297637003D289A /* Resources */,
			);
			buildRules = (
			);
			dependencies = (
				535EA92618297638003D289A /* PBXTargetDependency */,
			);
			name = CollegeComparisonTests;
			productName = CollegeComparisonTests;
			productReference = 535EA92018297637003D289A /* CollegeComparisonTests.xctest */;
			productType = "com.apple.product-type.bundle.unit-test";
		};
/* End PBXNativeTarget section */

/* Begin PBXProject section */
		535EA8F718297637003D289A /* Project object */ = {
			isa = PBXProject;
			attributes = {
				CLASSPREFIX = MUIT;
				LastUpgradeCheck = 0500;
				ORGANIZATIONNAME = MUIT;
				TargetAttributes = {
					535EA91F18297637003D289A = {
						TestTargetID = 535EA8FE18297637003D289A;
					};
				};
			};
			buildConfigurationList = 535EA8FA18297637003D289A /* Build configuration list for PBXProject "CollegeComparison" */;
			compatibilityVersion = "Xcode 3.2";
			developmentRegion = English;
			hasScannedForEncodings = 0;
			knownRegions = (
				en,
				Base,
			);
			mainGroup = 535EA8F618297637003D289A;
			productRefGroup = 535EA90018297637003D289A /* Products */;
			projectDirPath = "";
			projectRoot = "";
			targets = (
				535EA8FE18297637003D289A /* CollegeComparison */,
				535EA91F18297637003D289A /* CollegeComparisonTests */,
			);
		};
/* End PBXProject section */

/* Begin PBXResourcesBuildPhase section */
		535EA8FD18297637003D289A /* Resources */ = {
			isa = PBXResourcesBuildPhase;
			buildActionMask = 2147483647;
			files = (
				BA75ED711881E2530087BC15 /* wild_olivia.png in Resources */,
				BA75ED7F1881E3B90087BC15 /* home_navbar_icon@2x.png in Resources */,
				53E4E7DD184E6711001A1B34 /* Main.storyboard in Resources */,
				BA75ED701881E2530087BC15 /* sync_image.png in Resources */,
				BA75ED2A1881DE030087BC15 /* star_icon.png in Resources */,
				BA75ED6F1881E2530087BC15 /* pixel_weave.png in Resources */,
				BA75ED3A1881DF220087BC15 /* CCAnimationsScreenViewController.xib in Resources */,
				BA75ED7E1881E3B90087BC15 /* home_navbar_icon.png in Resources */,
				BA75ED6B1881E2530087BC15 /* map.png in Resources */,
				BA75ED6A1881E2530087BC15 /* debut_dark.png in Resources */,
				BA75ED281881DE030087BC15 /* highlighted_star.png in Resources */,
				535EA91B18297637003D289A /* Images.xcassets in Resources */,
				BA75ED271881DE030087BC15 /* custom_star_icon.png in Resources */,
				BA75ED691881E2530087BC15 /* bookmarkHigh.png in Resources */,
				53290F491830A9D000781050 /* schools.db in Resources */,
				BA75ED871881E4280087BC15 /* schools.db in Resources */,
				BA75ED6D1881E2530087BC15 /* menu@2x.png in Resources */,
				BA75ED6C1881E2530087BC15 /* menu.png in Resources */,
				BAE4EB3918543B2900597C1D /* my_star_icon.png in Resources */,
				535EA90D18297637003D289A /* InfoPlist.strings in Resources */,
				BA75ED6E1881E2530087BC15 /* news.png in Resources */,
				BA75ED2B1881DE030087BC15 /* unhighlighted_star.png in Resources */,
				BA75ED2C1881DE030087BC15 /* unhighlighted_star@2x.png in Resources */,
				BA75ED291881DE030087BC15 /* highlighted_star@2x.png in Resources */,
				BA75ED5F1881E2050087BC15 /* favoritesCell.xib in Resources */,
				BAE4EB2E185075FC00597C1D /* ios-linen.jpg in Resources */,
				BAE4EB3B18543BB200597C1D /* gold_star.png in Resources */,
			);
			runOnlyForDeploymentPostprocessing = 0;
		};
		535EA91E18297637003D289A /* Resources */ = {
			isa = PBXResourcesBuildPhase;
			buildActionMask = 2147483647;
			files = (
				535EA92C18297638003D289A /* InfoPlist.strings in Resources */,
			);
			runOnlyForDeploymentPostprocessing = 0;
		};
/* End PBXResourcesBuildPhase section */

/* Begin PBXSourcesBuildPhase section */
		535EA8FB18297637003D289A /* Sources */ = {
			isa = PBXSourcesBuildPhase;
			buildActionMask = 2147483647;
			files = (
				535EA90F18297637003D289A /* main.m in Sources */,
				BA75ED741881E26D0087BC15 /* SWRevealViewController.m in Sources */,
				BA75ED771881E2830087BC15 /* CCPanelViewViewController.m in Sources */,
				535EA91318297637003D289A /* CCAppDelegate.m in Sources */,
				BA75ED851881E4280087BC15 /* MUITCollege.m in Sources */,
				BA75ED3D1881DFBE0087BC15 /* HomeViewController.m in Sources */,
				BA75ED861881E4280087BC15 /* MUITCollegeDataProvider.m in Sources */,
				BA75ED321881DE710087BC15 /* CCFavoriteSCell.m in Sources */,
				BA75ED5D1881E1B40087BC15 /* CollegeSavedViewController.m in Sources */,
				BA75ED311881DE710087BC15 /* CCBookmarksPage.m in Sources */,
				BA75ED511881E12D0087BC15 /* CollegeSearchViewController.m in Sources */,
				BA75ED7A1881E2DC0087BC15 /* CCSettingsViewController.m in Sources */,
				BA75ED5B1881E1B40087BC15 /* CollegeDetailTableViewController.m in Sources */,
				BA75ED541881E12D0087BC15 /* FilterViewController.m in Sources */,
				BA75ED521881E12D0087BC15 /* FilteredCollegesTableViewCell.m in Sources */,
				BA75ED5C1881E1B40087BC15 /* CollegeDetailViewController.m in Sources */,
				BA75ED391881DF220087BC15 /* CCAnimationsScreenViewController.m in Sources */,
				BA75ED381881DF220087BC15 /* CCAnimationPageViewController.m in Sources */,
				BA75ED531881E12D0087BC15 /* FilteredCollegesViewController.m in Sources */,
			);
			runOnlyForDeploymentPostprocessing = 0;
		};
		535EA91C18297637003D289A /* Sources */ = {
			isa = PBXSourcesBuildPhase;
			buildActionMask = 2147483647;
			files = (
				535EA92E18297638003D289A /* CollegeComparisonTests.m in Sources */,
			);
			runOnlyForDeploymentPostprocessing = 0;
		};
/* End PBXSourcesBuildPhase section */

/* Begin PBXTargetDependency section */
		535EA92618297638003D289A /* PBXTargetDependency */ = {
			isa = PBXTargetDependency;
			target = 535EA8FE18297637003D289A /* CollegeComparison */;
			targetProxy = 535EA92518297638003D289A /* PBXContainerItemProxy */;
		};
/* End PBXTargetDependency section */

/* Begin PBXVariantGroup section */
		535EA90B18297637003D289A /* InfoPlist.strings */ = {
			isa = PBXVariantGroup;
			children = (
				535EA90C18297637003D289A /* en */,
			);
			name = InfoPlist.strings;
			sourceTree = "<group>";
		};
		535EA91418297637003D289A /* Main.storyboard */ = {
			isa = PBXVariantGroup;
			children = (
				535EA91518297637003D289A /* Base */,
			);
			name = Main.storyboard;
			sourceTree = "<group>";
		};
		535EA92A18297638003D289A /* InfoPlist.strings */ = {
			isa = PBXVariantGroup;
			children = (
				535EA92B18297638003D289A /* en */,
			);
			name = InfoPlist.strings;
			sourceTree = "<group>";
		};
/* End PBXVariantGroup section */

/* Begin XCBuildConfiguration section */
		535EA92F18297638003D289A /* Debug */ = {
			isa = XCBuildConfiguration;
			buildSettings = {
				ALWAYS_SEARCH_USER_PATHS = NO;
				ARCHS = "$(ARCHS_STANDARD_INCLUDING_64_BIT)";
				CLANG_CXX_LANGUAGE_STANDARD = "gnu++0x";
				CLANG_CXX_LIBRARY = "libc++";
				CLANG_ENABLE_MODULES = YES;
				CLANG_ENABLE_OBJC_ARC = YES;
				CLANG_WARN_BOOL_CONVERSION = YES;
				CLANG_WARN_CONSTANT_CONVERSION = YES;
				CLANG_WARN_DIRECT_OBJC_ISA_USAGE = YES_ERROR;
				CLANG_WARN_EMPTY_BODY = YES;
				CLANG_WARN_ENUM_CONVERSION = YES;
				CLANG_WARN_INT_CONVERSION = YES;
				CLANG_WARN_OBJC_ROOT_CLASS = YES_ERROR;
				CLANG_WARN__DUPLICATE_METHOD_MATCH = YES;
				"CODE_SIGN_IDENTITY[sdk=iphoneos*]" = "iPhone Developer";
				COPY_PHASE_STRIP = NO;
				GCC_C_LANGUAGE_STANDARD = gnu99;
				GCC_DYNAMIC_NO_PIC = NO;
				GCC_OPTIMIZATION_LEVEL = 0;
				GCC_PREPROCESSOR_DEFINITIONS = (
					"DEBUG=1",
					"$(inherited)",
				);
				GCC_SYMBOLS_PRIVATE_EXTERN = NO;
				GCC_WARN_64_TO_32_BIT_CONVERSION = YES;
				GCC_WARN_ABOUT_RETURN_TYPE = YES_ERROR;
				GCC_WARN_UNDECLARED_SELECTOR = YES;
				GCC_WARN_UNINITIALIZED_AUTOS = YES;
				GCC_WARN_UNUSED_FUNCTION = YES;
				GCC_WARN_UNUSED_VARIABLE = YES;
				IPHONEOS_DEPLOYMENT_TARGET = 7.0;
				ONLY_ACTIVE_ARCH = YES;
				SDKROOT = iphoneos;
			};
			name = Debug;
		};
		535EA93018297638003D289A /* Release */ = {
			isa = XCBuildConfiguration;
			buildSettings = {
				ALWAYS_SEARCH_USER_PATHS = NO;
				ARCHS = "$(ARCHS_STANDARD_INCLUDING_64_BIT)";
				CLANG_CXX_LANGUAGE_STANDARD = "gnu++0x";
				CLANG_CXX_LIBRARY = "libc++";
				CLANG_ENABLE_MODULES = YES;
				CLANG_ENABLE_OBJC_ARC = YES;
				CLANG_WARN_BOOL_CONVERSION = YES;
				CLANG_WARN_CONSTANT_CONVERSION = YES;
				CLANG_WARN_DIRECT_OBJC_ISA_USAGE = YES_ERROR;
				CLANG_WARN_EMPTY_BODY = YES;
				CLANG_WARN_ENUM_CONVERSION = YES;
				CLANG_WARN_INT_CONVERSION = YES;
				CLANG_WARN_OBJC_ROOT_CLASS = YES_ERROR;
				CLANG_WARN__DUPLICATE_METHOD_MATCH = YES;
				"CODE_SIGN_IDENTITY[sdk=iphoneos*]" = "iPhone Developer";
				COPY_PHASE_STRIP = YES;
				ENABLE_NS_ASSERTIONS = NO;
				GCC_C_LANGUAGE_STANDARD = gnu99;
				GCC_WARN_64_TO_32_BIT_CONVERSION = YES;
				GCC_WARN_ABOUT_RETURN_TYPE = YES_ERROR;
				GCC_WARN_UNDECLARED_SELECTOR = YES;
				GCC_WARN_UNINITIALIZED_AUTOS = YES;
				GCC_WARN_UNUSED_FUNCTION = YES;
				GCC_WARN_UNUSED_VARIABLE = YES;
				IPHONEOS_DEPLOYMENT_TARGET = 7.0;
				SDKROOT = iphoneos;
				VALIDATE_PRODUCT = YES;
			};
			name = Release;
		};
		535EA93218297638003D289A /* Debug */ = {
			isa = XCBuildConfiguration;
			buildSettings = {
				ASSETCATALOG_COMPILER_APPICON_NAME = AppIcon;
				ASSETCATALOG_COMPILER_LAUNCHIMAGE_NAME = LaunchImage;
				GCC_PRECOMPILE_PREFIX_HEADER = YES;
				GCC_PREFIX_HEADER = "CollegeComparison/CollegeComparison-Prefix.pch";
				INFOPLIST_FILE = "CollegeComparison/CollegeComparison-Info.plist";
				PRODUCT_NAME = "$(TARGET_NAME)";
				WRAPPER_EXTENSION = app;
			};
			name = Debug;
		};
		535EA93318297638003D289A /* Release */ = {
			isa = XCBuildConfiguration;
			buildSettings = {
				ASSETCATALOG_COMPILER_APPICON_NAME = AppIcon;
				ASSETCATALOG_COMPILER_LAUNCHIMAGE_NAME = LaunchImage;
				GCC_PRECOMPILE_PREFIX_HEADER = YES;
				GCC_PREFIX_HEADER = "CollegeComparison/CollegeComparison-Prefix.pch";
				INFOPLIST_FILE = "CollegeComparison/CollegeComparison-Info.plist";
				PRODUCT_NAME = "$(TARGET_NAME)";
				WRAPPER_EXTENSION = app;
			};
			name = Release;
		};
		535EA93518297638003D289A /* Debug */ = {
			isa = XCBuildConfiguration;
			buildSettings = {
				ARCHS = "$(ARCHS_STANDARD_INCLUDING_64_BIT)";
				BUNDLE_LOADER = "$(BUILT_PRODUCTS_DIR)/CollegeComparison.app/CollegeComparison";
				FRAMEWORK_SEARCH_PATHS = (
					"$(SDKROOT)/Developer/Library/Frameworks",
					"$(inherited)",
					"$(DEVELOPER_FRAMEWORKS_DIR)",
				);
				GCC_PRECOMPILE_PREFIX_HEADER = YES;
				GCC_PREFIX_HEADER = "CollegeComparison/CollegeComparison-Prefix.pch";
				GCC_PREPROCESSOR_DEFINITIONS = (
					"DEBUG=1",
					"$(inherited)",
				);
				INFOPLIST_FILE = "CollegeComparisonTests/CollegeComparisonTests-Info.plist";
				PRODUCT_NAME = "$(TARGET_NAME)";
				TEST_HOST = "$(BUNDLE_LOADER)";
				WRAPPER_EXTENSION = xctest;
			};
			name = Debug;
		};
		535EA93618297638003D289A /* Release */ = {
			isa = XCBuildConfiguration;
			buildSettings = {
				ARCHS = "$(ARCHS_STANDARD_INCLUDING_64_BIT)";
				BUNDLE_LOADER = "$(BUILT_PRODUCTS_DIR)/CollegeComparison.app/CollegeComparison";
				FRAMEWORK_SEARCH_PATHS = (
					"$(SDKROOT)/Developer/Library/Frameworks",
					"$(inherited)",
					"$(DEVELOPER_FRAMEWORKS_DIR)",
				);
				GCC_PRECOMPILE_PREFIX_HEADER = YES;
				GCC_PREFIX_HEADER = "CollegeComparison/CollegeComparison-Prefix.pch";
				INFOPLIST_FILE = "CollegeComparisonTests/CollegeComparisonTests-Info.plist";
				PRODUCT_NAME = "$(TARGET_NAME)";
				TEST_HOST = "$(BUNDLE_LOADER)";
				WRAPPER_EXTENSION = xctest;
			};
			name = Release;
		};
/* End XCBuildConfiguration section */

/* Begin XCConfigurationList section */
		535EA8FA18297637003D289A /* Build configuration list for PBXProject "CollegeComparison" */ = {
			isa = XCConfigurationList;
			buildConfigurations = (
				535EA92F18297638003D289A /* Debug */,
				535EA93018297638003D289A /* Release */,
			);
			defaultConfigurationIsVisible = 0;
			defaultConfigurationName = Release;
		};
		535EA93118297638003D289A /* Build configuration list for PBXNativeTarget "CollegeComparison" */ = {
			isa = XCConfigurationList;
			buildConfigurations = (
				535EA93218297638003D289A /* Debug */,
				535EA93318297638003D289A /* Release */,
			);
			defaultConfigurationIsVisible = 0;
			defaultConfigurationName = Release;
		};
		535EA93418297638003D289A /* Build configuration list for PBXNativeTarget "CollegeComparisonTests" */ = {
			isa = XCConfigurationList;
			buildConfigurations = (
				535EA93518297638003D289A /* Debug */,
				535EA93618297638003D289A /* Release */,
			);
			defaultConfigurationIsVisible = 0;
			defaultConfigurationName = Release;
		};
/* End XCConfigurationList section */
	};
	rootObject = 535EA8F718297637003D289A /* Project object */;
}
